
Microsoft Visual Studio Solution File, Format Version 12.00
# Visual Studio 15
VisualStudioVersion = 15.0.27004.2010
MinimumVisualStudioVersion = 10.0.40219.1
Project("{FAE04EC0-301F-11D3-BF4B-00C04F79EFBC}") = "NeoContractTest1", "NeoContractTest1\NeoContractTest1.csproj", "{77784DE7-FBBF-4F04-A5F1-3757C38F373C}"
EndProject
Project("{FAE04EC0-301F-11D3-BF4B-00C04F79EFBC}") = "NCnnsRegistry", "NCnnsRegistry\NCnnsRegistry.csproj", "{AB9BAFB0-7F9B-46BB-96A0-9253C0D22B68}"
EndProject
Project("{FAE04EC0-301F-11D3-BF4B-00C04F79EFBC}") = "NCnnsResolverAddr", "NCnnsResolvers\NCnnsResolverAddr.csproj", "{01E901CA-2C59-4531-9E0B-581934201FED}"
EndProject
Project("{FAE04EC0-301F-11D3-BF4B-00C04F79EFBC}") = "dapp_nns_domaincenter", "dapp_nns_domaincenter\dapp_nns_domaincenter.csproj", "{22DEEC98-DEE0-435C-B919-AB69B607026F}"
EndProject
Project("{2150E333-8FDC-42A3-9474-1A3956D46DE8}") = "old", "old", "{920C393E-2468-4E56-B333-85451BBBFB9E}"
EndProject
Project("{FAE04EC0-301F-11D3-BF4B-00C04F79EFBC}") = "dapp_nns_register_fifo", "dapp_nns_register_fifo\dapp_nns_register_fifo.csproj", "{C87845C5-2589-4576-99C7-372D2BE51BBB}"
EndProject
Project("{FAE04EC0-301F-11D3-BF4B-00C04F79EFBC}") = "dapp_nns_resolver", "dapp_nns_resolver\dapp_nns_resolver.csproj", "{140643D9-6C60-4490-9C67-DA011AEA310B}"
EndProject
Project("{FAE04EC0-301F-11D3-BF4B-00C04F79EFBC}") = "dapp_nns_domaincenter_jump", "dapp_nns_domaincenter_jump\dapp_nns_domaincenter_jump.csproj", "{5D2CD131-52C8-4CDA-A1B8-01F857ECB0D3}"
EndProject
Project("{2150E333-8FDC-42A3-9474-1A3956D46DE8}") = "nnc", "nnc", "{B34FC491-1AF3-4DF7-8CAE-1C6421FD5EDC}"
EndProject
Project("{FAE04EC0-301F-11D3-BF4B-00C04F79EFBC}") = "nnc_Contract", "nnc_contract\nnc_Contract.csproj", "{61D9E518-71CE-486F-A278-F86144E8BA8D}"
EndProject
Project("{2150E333-8FDC-42A3-9474-1A3956D46DE8}") = "nns_center", "nns_center", "{03708A64-C548-47E3-A6E8-CEFFE1E914F0}"
EndProject
Project("{2150E333-8FDC-42A3-9474-1A3956D46DE8}") = "nns_resolver", "nns_resolver", "{C47A640D-EB5D-444A-8C22-927E41ED2FD1}"
EndProject
Project("{2150E333-8FDC-42A3-9474-1A3956D46DE8}") = "nns_register", "nns_register", "{2D75EEDA-1D67-40E0-AF53-CFAB996EE392}"
EndProject
Project("{FAE04EC0-301F-11D3-BF4B-00C04F79EFBC}") = "dapp_nns_register_sell", "dapp_nns_register_sell\dapp_nns_register_sell.csproj", "{94380D4A-B521-4D7B-A758-2B30430E4A56}"
EndProject
Project("{2150E333-8FDC-42A3-9474-1A3956D46DE8}") = "Solution Items", "Solution Items", "{186B703A-4A5F-498B-9176-4B67851B99BC}"
	ProjectSection(SolutionItems) = preProject
		deploy.md = deploy.md
		README.md = README.md
	EndProjectSection
EndProject
Project("{FAE04EC0-301F-11D3-BF4B-00C04F79EFBC}") = "dapp_sgas", "dapp_sgas\dapp_sgas.csproj", "{9AB1F4DB-B744-4807-8051-72735359C749}"
EndProject
Project("{FAE04EC0-301F-11D3-BF4B-00C04F79EFBC}") = "dapp_coinpool", "dapp_nns_coinpool\dapp_coinpool.csproj", "{FF20215D-332A-498C-9B96-630376AA76BA}"
EndProject
Project("{2150E333-8FDC-42A3-9474-1A3956D46DE8}") = "nnc", "nnc", "{50CBC326-02AE-4561-9892-A14398A8C582}"
EndProject
Project("{FAE04EC0-301F-11D3-BF4B-00C04F79EFBC}") = "dapp_nnc3.0", "dapp_nnc3.0\dapp_nnc3.0.csproj", "{4C296095-28DE-4659-96DD-676A2BD87410}"
EndProject
Project("{FAE04EC0-301F-11D3-BF4B-00C04F79EFBC}") = "dapp_nnc4.0", "dapp_nnc4.0\dapp_nnc4.0.csproj", "{98C883F2-5ED6-4660-AF0B-8ECC8642EEA0}"
EndProject
Global
	GlobalSection(SolutionConfigurationPlatforms) = preSolution
		Debug|Any CPU = Debug|Any CPU
		Release|Any CPU = Release|Any CPU
	EndGlobalSection
	GlobalSection(ProjectConfigurationPlatforms) = postSolution
		{77784DE7-FBBF-4F04-A5F1-3757C38F373C}.Debug|Any CPU.ActiveCfg = Debug|Any CPU
		{77784DE7-FBBF-4F04-A5F1-3757C38F373C}.Debug|Any CPU.Build.0 = Debug|Any CPU
		{77784DE7-FBBF-4F04-A5F1-3757C38F373C}.Release|Any CPU.ActiveCfg = Release|Any CPU
		{77784DE7-FBBF-4F04-A5F1-3757C38F373C}.Release|Any CPU.Build.0 = Release|Any CPU
		{AB9BAFB0-7F9B-46BB-96A0-9253C0D22B68}.Debug|Any CPU.ActiveCfg = Debug|Any CPU
		{AB9BAFB0-7F9B-46BB-96A0-9253C0D22B68}.Debug|Any CPU.Build.0 = Debug|Any CPU
		{AB9BAFB0-7F9B-46BB-96A0-9253C0D22B68}.Release|Any CPU.ActiveCfg = Release|Any CPU
		{AB9BAFB0-7F9B-46BB-96A0-9253C0D22B68}.Release|Any CPU.Build.0 = Release|Any CPU
		{01E901CA-2C59-4531-9E0B-581934201FED}.Debug|Any CPU.ActiveCfg = Debug|Any CPU
		{01E901CA-2C59-4531-9E0B-581934201FED}.Debug|Any CPU.Build.0 = Debug|Any CPU
		{01E901CA-2C59-4531-9E0B-581934201FED}.Release|Any CPU.ActiveCfg = Release|Any CPU
		{01E901CA-2C59-4531-9E0B-581934201FED}.Release|Any CPU.Build.0 = Release|Any CPU
		{22DEEC98-DEE0-435C-B919-AB69B607026F}.Debug|Any CPU.ActiveCfg = Debug|Any CPU
		{22DEEC98-DEE0-435C-B919-AB69B607026F}.Debug|Any CPU.Build.0 = Debug|Any CPU
		{22DEEC98-DEE0-435C-B919-AB69B607026F}.Release|Any CPU.ActiveCfg = Release|Any CPU
		{22DEEC98-DEE0-435C-B919-AB69B607026F}.Release|Any CPU.Build.0 = Release|Any CPU
		{C87845C5-2589-4576-99C7-372D2BE51BBB}.Debug|Any CPU.ActiveCfg = Debug|Any CPU
		{C87845C5-2589-4576-99C7-372D2BE51BBB}.Debug|Any CPU.Build.0 = Debug|Any CPU
		{C87845C5-2589-4576-99C7-372D2BE51BBB}.Release|Any CPU.ActiveCfg = Release|Any CPU
		{C87845C5-2589-4576-99C7-372D2BE51BBB}.Release|Any CPU.Build.0 = Release|Any CPU
		{140643D9-6C60-4490-9C67-DA011AEA310B}.Debug|Any CPU.ActiveCfg = Debug|Any CPU
		{140643D9-6C60-4490-9C67-DA011AEA310B}.Debug|Any CPU.Build.0 = Debug|Any CPU
		{140643D9-6C60-4490-9C67-DA011AEA310B}.Release|Any CPU.ActiveCfg = Release|Any CPU
		{140643D9-6C60-4490-9C67-DA011AEA310B}.Release|Any CPU.Build.0 = Release|Any CPU
		{5D2CD131-52C8-4CDA-A1B8-01F857ECB0D3}.Debug|Any CPU.ActiveCfg = Debug|Any CPU
		{5D2CD131-52C8-4CDA-A1B8-01F857ECB0D3}.Debug|Any CPU.Build.0 = Debug|Any CPU
		{5D2CD131-52C8-4CDA-A1B8-01F857ECB0D3}.Release|Any CPU.ActiveCfg = Release|Any CPU
		{5D2CD131-52C8-4CDA-A1B8-01F857ECB0D3}.Release|Any CPU.Build.0 = Release|Any CPU
		{61D9E518-71CE-486F-A278-F86144E8BA8D}.Debug|Any CPU.ActiveCfg = Debug|Any CPU
		{61D9E518-71CE-486F-A278-F86144E8BA8D}.Debug|Any CPU.Build.0 = Debug|Any CPU
		{61D9E518-71CE-486F-A278-F86144E8BA8D}.Release|Any CPU.ActiveCfg = Release|Any CPU
		{61D9E518-71CE-486F-A278-F86144E8BA8D}.Release|Any CPU.Build.0 = Release|Any CPU
		{94380D4A-B521-4D7B-A758-2B30430E4A56}.Debug|Any CPU.ActiveCfg = Debug|Any CPU
		{94380D4A-B521-4D7B-A758-2B30430E4A56}.Debug|Any CPU.Build.0 = Debug|Any CPU
		{94380D4A-B521-4D7B-A758-2B30430E4A56}.Release|Any CPU.ActiveCfg = Release|Any CPU
		{94380D4A-B521-4D7B-A758-2B30430E4A56}.Release|Any CPU.Build.0 = Release|Any CPU
		{9AB1F4DB-B744-4807-8051-72735359C749}.Debug|Any CPU.ActiveCfg = Debug|Any CPU
		{9AB1F4DB-B744-4807-8051-72735359C749}.Debug|Any CPU.Build.0 = Debug|Any CPU
		{9AB1F4DB-B744-4807-8051-72735359C749}.Release|Any CPU.ActiveCfg = Release|Any CPU
		{9AB1F4DB-B744-4807-8051-72735359C749}.Release|Any CPU.Build.0 = Release|Any CPU
		{FF20215D-332A-498C-9B96-630376AA76BA}.Debug|Any CPU.ActiveCfg = Debug|Any CPU
		{FF20215D-332A-498C-9B96-630376AA76BA}.Debug|Any CPU.Build.0 = Debug|Any CPU
		{FF20215D-332A-498C-9B96-630376AA76BA}.Release|Any CPU.ActiveCfg = Release|Any CPU
		{FF20215D-332A-498C-9B96-630376AA76BA}.Release|Any CPU.Build.0 = Release|Any CPU
		{4C296095-28DE-4659-96DD-676A2BD87410}.Debug|Any CPU.ActiveCfg = Debug|Any CPU
		{4C296095-28DE-4659-96DD-676A2BD87410}.Debug|Any CPU.Build.0 = Debug|Any CPU
		{4C296095-28DE-4659-96DD-676A2BD87410}.Release|Any CPU.ActiveCfg = Release|Any CPU
		{4C296095-28DE-4659-96DD-676A2BD87410}.Release|Any CPU.Build.0 = Release|Any CPU
		{98C883F2-5ED6-4660-AF0B-8ECC8642EEA0}.Debug|Any CPU.ActiveCfg = Debug|Any CPU
		{98C883F2-5ED6-4660-AF0B-8ECC8642EEA0}.Debug|Any CPU.Build.0 = Debug|Any CPU
		{98C883F2-5ED6-4660-AF0B-8ECC8642EEA0}.Release|Any CPU.ActiveCfg = Release|Any CPU
		{98C883F2-5ED6-4660-AF0B-8ECC8642EEA0}.Release|Any CPU.Build.0 = Release|Any CPU
	EndGlobalSection
	GlobalSection(SolutionProperties) = preSolution
		HideSolutionNode = FALSE
	EndGlobalSection
	GlobalSection(NestedProjects) = preSolution
		{77784DE7-FBBF-4F04-A5F1-3757C38F373C} = {920C393E-2468-4E56-B333-85451BBBFB9E}
		{AB9BAFB0-7F9B-46BB-96A0-9253C0D22B68} = {920C393E-2468-4E56-B333-85451BBBFB9E}
		{01E901CA-2C59-4531-9E0B-581934201FED} = {920C393E-2468-4E56-B333-85451BBBFB9E}
		{22DEEC98-DEE0-435C-B919-AB69B607026F} = {03708A64-C548-47E3-A6E8-CEFFE1E914F0}
		{C87845C5-2589-4576-99C7-372D2BE51BBB} = {2D75EEDA-1D67-40E0-AF53-CFAB996EE392}
		{140643D9-6C60-4490-9C67-DA011AEA310B} = {C47A640D-EB5D-444A-8C22-927E41ED2FD1}
		{5D2CD131-52C8-4CDA-A1B8-01F857ECB0D3} = {03708A64-C548-47E3-A6E8-CEFFE1E914F0}
		{B34FC491-1AF3-4DF7-8CAE-1C6421FD5EDC} = {920C393E-2468-4E56-B333-85451BBBFB9E}
		{61D9E518-71CE-486F-A278-F86144E8BA8D} = {920C393E-2468-4E56-B333-85451BBBFB9E}
		{94380D4A-B521-4D7B-A758-2B30430E4A56} = {2D75EEDA-1D67-40E0-AF53-CFAB996EE392}
		{9AB1F4DB-B744-4807-8051-72735359C749} = {50CBC326-02AE-4561-9892-A14398A8C582}
		{FF20215D-332A-498C-9B96-630376AA76BA} = {B34FC491-1AF3-4DF7-8CAE-1C6421FD5EDC}
		{4C296095-28DE-4659-96DD-676A2BD87410} = {B34FC491-1AF3-4DF7-8CAE-1C6421FD5EDC}
		{98C883F2-5ED6-4660-AF0B-8ECC8642EEA0} = {50CBC326-02AE-4561-9892-A14398A8C582}
	EndGlobalSection
	GlobalSection(ExtensibilityGlobals) = postSolution
		SolutionGuid = {DA753102-3A6A-40F2-B3CC-440DE8A9A356}
	EndGlobalSection
EndGlobal
