
Microsoft Visual Studio Solution File, Format Version 12.00
# Visual Studio 15
VisualStudioVersion = 15.0.27004.2010
MinimumVisualStudioVersion = 10.0.40219.1
Project("{FAE04EC0-301F-11D3-BF4B-00C04F79EFBC}") = "dapp_nns_domaincenter", "dapp_nns_domaincenter\dapp_nns_domaincenter.csproj", "{22DEEC98-DEE0-435C-B919-AB69B607026F}"
EndProject
Project("{FAE04EC0-301F-11D3-BF4B-00C04F79EFBC}") = "dapp_nns_register_fifo", "dapp_nns_register_fifo\dapp_nns_register_fifo.csproj", "{C87845C5-2589-4576-99C7-372D2BE51BBB}"
EndProject
Project("{FAE04EC0-301F-11D3-BF4B-00C04F79EFBC}") = "dapp_nns_resolver", "dapp_nns_resolver\dapp_nns_resolver.csproj", "{140643D9-6C60-4490-9C67-DA011AEA310B}"
EndProject
Project("{FAE04EC0-301F-11D3-BF4B-00C04F79EFBC}") = "dapp_nns_domaincenter_jump", "dapp_nns_domaincenter_jump\dapp_nns_domaincenter_jump.csproj", "{5D2CD131-52C8-4CDA-A1B8-01F857ECB0D3}"
EndProject
Project("{2150E333-8FDC-42A3-9474-1A3956D46DE8}") = "nns_center", "nns_center", "{03708A64-C548-47E3-A6E8-CEFFE1E914F0}"
EndProject
Project("{2150E333-8FDC-42A3-9474-1A3956D46DE8}") = "nns_resolver", "nns_resolver", "{C47A640D-EB5D-444A-8C22-927E41ED2FD1}"
EndProject
Project("{2150E333-8FDC-42A3-9474-1A3956D46DE8}") = "nns_register", "nns_register", "{2D75EEDA-1D67-40E0-AF53-CFAB996EE392}"
EndProject
Project("{FAE04EC0-301F-11D3-BF4B-00C04F79EFBC}") = "dapp_nns_register_sell", "dapp_nns_register_sell\dapp_nns_register_sell.csproj", "{94380D4A-B521-4D7B-A758-2B30430E4A56}"
EndProject
Project("{2150E333-8FDC-42A3-9474-1A3956D46DE8}") = "Solution Items", "Solution Items", "{186B703A-4A5F-498B-9176-4B67851B99BC}"
	ProjectSection(SolutionItems) = preProject
		deploy.md = deploy.md
		README.md = README.md
	EndProjectSection
EndProject
Project("{2150E333-8FDC-42A3-9474-1A3956D46DE8}") = "nnc", "nnc", "{50CBC326-02AE-4561-9892-A14398A8C582}"
EndProject
Project("{FAE04EC0-301F-11D3-BF4B-00C04F79EFBC}") = "dapp_nnc4.0", "dapp_nnc4.0\dapp_nnc4.0.csproj", "{98C883F2-5ED6-4660-AF0B-8ECC8642EEA0}"
EndProject
Project("{2150E333-8FDC-42A3-9474-1A3956D46DE8}") = "nns_domainTransaction", "nns_domainTransaction", "{124BA1C5-DBCB-4A85-9BCA-A4943A360F07}"
EndProject
Project("{FAE04EC0-301F-11D3-BF4B-00C04F79EFBC}") = "dapp_nns_domainTransaction", "dapp_nns_domainTransaction\dapp_nns_domainTransaction.csproj", "{70D0E6D8-1DA4-42B3-95AB-F47AA0596FD6}"
EndProject
Global
	GlobalSection(SolutionConfigurationPlatforms) = preSolution
		Debug|Any CPU = Debug|Any CPU
		Release|Any CPU = Release|Any CPU
	EndGlobalSection
	GlobalSection(ProjectConfigurationPlatforms) = postSolution
		{22DEEC98-DEE0-435C-B919-AB69B607026F}.Debug|Any CPU.ActiveCfg = Debug|Any CPU
		{22DEEC98-DEE0-435C-B919-AB69B607026F}.Debug|Any CPU.Build.0 = Debug|Any CPU
		{22DEEC98-DEE0-435C-B919-AB69B607026F}.Release|Any CPU.ActiveCfg = Release|Any CPU
		{22DEEC98-DEE0-435C-B919-AB69B607026F}.Release|Any CPU.Build.0 = Release|Any CPU
		{C87845C5-2589-4576-99C7-372D2BE51BBB}.Debug|Any CPU.ActiveCfg = Debug|Any CPU
		{C87845C5-2589-4576-99C7-372D2BE51BBB}.Debug|Any CPU.Build.0 = Debug|Any CPU
		{C87845C5-2589-4576-99C7-372D2BE51BBB}.Release|Any CPU.ActiveCfg = Release|Any CPU
		{C87845C5-2589-4576-99C7-372D2BE51BBB}.Release|Any CPU.Build.0 = Release|Any CPU
		{140643D9-6C60-4490-9C67-DA011AEA310B}.Debug|Any CPU.ActiveCfg = Debug|Any CPU
		{140643D9-6C60-4490-9C67-DA011AEA310B}.Debug|Any CPU.Build.0 = Debug|Any CPU
		{140643D9-6C60-4490-9C67-DA011AEA310B}.Release|Any CPU.ActiveCfg = Release|Any CPU
		{140643D9-6C60-4490-9C67-DA011AEA310B}.Release|Any CPU.Build.0 = Release|Any CPU
		{5D2CD131-52C8-4CDA-A1B8-01F857ECB0D3}.Debug|Any CPU.ActiveCfg = Debug|Any CPU
		{5D2CD131-52C8-4CDA-A1B8-01F857ECB0D3}.Debug|Any CPU.Build.0 = Debug|Any CPU
		{5D2CD131-52C8-4CDA-A1B8-01F857ECB0D3}.Release|Any CPU.ActiveCfg = Release|Any CPU
		{5D2CD131-52C8-4CDA-A1B8-01F857ECB0D3}.Release|Any CPU.Build.0 = Release|Any CPU
		{94380D4A-B521-4D7B-A758-2B30430E4A56}.Debug|Any CPU.ActiveCfg = Debug|Any CPU
		{94380D4A-B521-4D7B-A758-2B30430E4A56}.Debug|Any CPU.Build.0 = Debug|Any CPU
		{94380D4A-B521-4D7B-A758-2B30430E4A56}.Release|Any CPU.ActiveCfg = Release|Any CPU
		{94380D4A-B521-4D7B-A758-2B30430E4A56}.Release|Any CPU.Build.0 = Release|Any CPU
		{98C883F2-5ED6-4660-AF0B-8ECC8642EEA0}.Debug|Any CPU.ActiveCfg = Debug|Any CPU
		{98C883F2-5ED6-4660-AF0B-8ECC8642EEA0}.Debug|Any CPU.Build.0 = Debug|Any CPU
		{98C883F2-5ED6-4660-AF0B-8ECC8642EEA0}.Release|Any CPU.ActiveCfg = Release|Any CPU
		{98C883F2-5ED6-4660-AF0B-8ECC8642EEA0}.Release|Any CPU.Build.0 = Release|Any CPU
		{70D0E6D8-1DA4-42B3-95AB-F47AA0596FD6}.Debug|Any CPU.ActiveCfg = Debug|Any CPU
		{70D0E6D8-1DA4-42B3-95AB-F47AA0596FD6}.Debug|Any CPU.Build.0 = Debug|Any CPU
		{70D0E6D8-1DA4-42B3-95AB-F47AA0596FD6}.Release|Any CPU.ActiveCfg = Release|Any CPU
		{70D0E6D8-1DA4-42B3-95AB-F47AA0596FD6}.Release|Any CPU.Build.0 = Release|Any CPU
	EndGlobalSection
	GlobalSection(SolutionProperties) = preSolution
		HideSolutionNode = FALSE
	EndGlobalSection
	GlobalSection(NestedProjects) = preSolution
		{22DEEC98-DEE0-435C-B919-AB69B607026F} = {03708A64-C548-47E3-A6E8-CEFFE1E914F0}
		{C87845C5-2589-4576-99C7-372D2BE51BBB} = {2D75EEDA-1D67-40E0-AF53-CFAB996EE392}
		{140643D9-6C60-4490-9C67-DA011AEA310B} = {C47A640D-EB5D-444A-8C22-927E41ED2FD1}
		{5D2CD131-52C8-4CDA-A1B8-01F857ECB0D3} = {03708A64-C548-47E3-A6E8-CEFFE1E914F0}
		{94380D4A-B521-4D7B-A758-2B30430E4A56} = {2D75EEDA-1D67-40E0-AF53-CFAB996EE392}
		{98C883F2-5ED6-4660-AF0B-8ECC8642EEA0} = {50CBC326-02AE-4561-9892-A14398A8C582}
		{70D0E6D8-1DA4-42B3-95AB-F47AA0596FD6} = {124BA1C5-DBCB-4A85-9BCA-A4943A360F07}
	EndGlobalSection
	GlobalSection(ExtensibilityGlobals) = postSolution
		SolutionGuid = {DA753102-3A6A-40F2-B3CC-440DE8A9A356}
	EndGlobalSection
EndGlobal
