
Microsoft Visual Studio Solution File, Format Version 12.00
# Visual Studio 15
VisualStudioVersion = 15.0.27004.2010
MinimumVisualStudioVersion = 10.0.40219.1
Project("{FAE04EC0-301F-11D3-BF4B-00C04F79EFBC}") = "NeoContractTest1", "NeoContractTest1\NeoContractTest1.csproj", "{77784DE7-FBBF-4F04-A5F1-3757C38F373C}"
EndProject
Project("{FAE04EC0-301F-11D3-BF4B-00C04F79EFBC}") = "NCnnsRegistry", "NCnnsRegistry\NCnnsRegistry.csproj", "{AB9BAFB0-7F9B-46BB-96A0-9253C0D22B68}"
EndProject
Global
	GlobalSection(SolutionConfigurationPlatforms) = preSolution
		Debug|Any CPU = Debug|Any CPU
		Release|Any CPU = Release|Any CPU
	EndGlobalSection
	GlobalSection(ProjectConfigurationPlatforms) = postSolution
		{77784DE7-FBBF-4F04-A5F1-3757C38F373C}.Debug|Any CPU.ActiveCfg = Debug|Any CPU
		{77784DE7-FBBF-4F04-A5F1-3757C38F373C}.Debug|Any CPU.Build.0 = Debug|Any CPU
		{77784DE7-FBBF-4F04-A5F1-3757C38F373C}.Release|Any CPU.ActiveCfg = Release|Any CPU
		{77784DE7-FBBF-4F04-A5F1-3757C38F373C}.Release|Any CPU.Build.0 = Release|Any CPU
		{AB9BAFB0-7F9B-46BB-96A0-9253C0D22B68}.Debug|Any CPU.ActiveCfg = Debug|Any CPU
		{AB9BAFB0-7F9B-46BB-96A0-9253C0D22B68}.Debug|Any CPU.Build.0 = Debug|Any CPU
		{AB9BAFB0-7F9B-46BB-96A0-9253C0D22B68}.Release|Any CPU.ActiveCfg = Release|Any CPU
		{AB9BAFB0-7F9B-46BB-96A0-9253C0D22B68}.Release|Any CPU.Build.0 = Release|Any CPU
	EndGlobalSection
	GlobalSection(SolutionProperties) = preSolution
		HideSolutionNode = FALSE
	EndGlobalSection
	GlobalSection(ExtensibilityGlobals) = postSolution
		SolutionGuid = {DA753102-3A6A-40F2-B3CC-440DE8A9A356}
	EndGlobalSection
EndGlobal
